// !$*UTF8*$!
{
	archiveVersion = 1;
	classes = {
	};
	objectVersion = 48;
	objects = {

/* Begin PBXBuildFile section */
		8807F34920638A0F0023C65B /* AppDelegate.m in Sources */ = {isa = PBXBuildFile; fileRef = 8807F34820638A0F0023C65B /* AppDelegate.m */; };
		8807F34C20638A0F0023C65B /* ViewController.m in Sources */ = {isa = PBXBuildFile; fileRef = 8807F34B20638A0F0023C65B /* ViewController.m */; };
		8807F34F20638A0F0023C65B /* Main.storyboard in Resources */ = {isa = PBXBuildFile; fileRef = 8807F34D20638A0F0023C65B /* Main.storyboard */; };
		8807F35120638A0F0023C65B /* Assets.xcassets in Resources */ = {isa = PBXBuildFile; fileRef = 8807F35020638A0F0023C65B /* Assets.xcassets */; };
		8807F35420638A0F0023C65B /* LaunchScreen.storyboard in Resources */ = {isa = PBXBuildFile; fileRef = 8807F35220638A0F0023C65B /* LaunchScreen.storyboard */; };
		8807F35720638A0F0023C65B /* main.m in Sources */ = {isa = PBXBuildFile; fileRef = 8807F35620638A0F0023C65B /* main.m */; };
		8807F3622063A3870023C65B /* AgoraSigKit.framework in Frameworks */ = {isa = PBXBuildFile; fileRef = 8807F3612063A3870023C65B /* AgoraSigKit.framework */; };
		8807F3682063A3EA0023C65B /* KeyCenter.mm in Sources */ = {isa = PBXBuildFile; fileRef = 8807F3642063A3EA0023C65B /* KeyCenter.mm */; };
		8807F36C2063A91D0023C65B /* NSObject+JSONString.m in Sources */ = {isa = PBXBuildFile; fileRef = 8807F36B2063A91D0023C65B /* NSObject+JSONString.m */; };
		88EDB70E20A149B600007CE7 /* ADCallKitManager.m in Sources */ = {isa = PBXBuildFile; fileRef = 88EDB70C20A149B600007CE7 /* ADCallKitManager.m */; };
		88F049FB2064971800FDA44C /* SelectedUserViewController.m in Sources */ = {isa = PBXBuildFile; fileRef = 88F049E32064971700FDA44C /* SelectedUserViewController.m */; };
		88F049FC2064971800FDA44C /* MultiCallViewController.xib in Resources */ = {isa = PBXBuildFile; fileRef = 88F049E42064971700FDA44C /* MultiCallViewController.xib */; };
		88F049FD2064971800FDA44C /* MultiCallViewController.m in Sources */ = {isa = PBXBuildFile; fileRef = 88F049E52064971700FDA44C /* MultiCallViewController.m */; };
		88F049FE2064971800FDA44C /* SelectedUserViewController.xib in Resources */ = {isa = PBXBuildFile; fileRef = 88F049E62064971700FDA44C /* SelectedUserViewController.xib */; };
		88F04A002064971800FDA44C /* VideoSession.m in Sources */ = {isa = PBXBuildFile; fileRef = 88F049EA2064971700FDA44C /* VideoSession.m */; };
		88F04A012064971800FDA44C /* UserTableViewCell.m in Sources */ = {isa = PBXBuildFile; fileRef = 88F049ED2064971700FDA44C /* UserTableViewCell.m */; };
		88F04A022064971800FDA44C /* UserVideoView.m in Sources */ = {isa = PBXBuildFile; fileRef = 88F049F02064971700FDA44C /* UserVideoView.m */; };
		88F04A032064971800FDA44C /* UserTableViewCell.xib in Resources */ = {isa = PBXBuildFile; fileRef = 88F049F12064971700FDA44C /* UserTableViewCell.xib */; };
		88F04A042064971800FDA44C /* TTDCallClient.m in Sources */ = {isa = PBXBuildFile; fileRef = 88F049F42064971700FDA44C /* TTDCallClient.m */; };
		88F04A052064971800FDA44C /* TTDCallSession.m in Sources */ = {isa = PBXBuildFile; fileRef = 88F049F52064971700FDA44C /* TTDCallSession.m */; };
		88F04A062064971800FDA44C /* AppViewManager.m in Sources */ = {isa = PBXBuildFile; fileRef = 88F049F62064971700FDA44C /* AppViewManager.m */; };
		88F04A092064985600FDA44C /* AlertUtil.m in Sources */ = {isa = PBXBuildFile; fileRef = 88F04A072064985600FDA44C /* AlertUtil.m */; };
		88F04A0C2064986700FDA44C /* UIView+Toast.m in Sources */ = {isa = PBXBuildFile; fileRef = 88F04A0B2064986700FDA44C /* UIView+Toast.m */; };
		BE4FA0648C7468DF79181FCD /* Pods_AgoraDemo.framework in Frameworks */ = {isa = PBXBuildFile; fileRef = 7DC6AF1C8F48D575F128FEEC /* Pods_AgoraDemo.framework */; };
/* End PBXBuildFile section */

/* Begin PBXFileReference section */
		040C47DB46D56AB3A90EED8E /* Pods-AgoraDemo.debug.xcconfig */ = {isa = PBXFileReference; includeInIndex = 1; lastKnownFileType = text.xcconfig; name = "Pods-AgoraDemo.debug.xcconfig"; path = "Pods/Target Support Files/Pods-AgoraDemo/Pods-AgoraDemo.debug.xcconfig"; sourceTree = "<group>"; };
		1132B235F45B7F9413940C3A /* Pods-AgoraDemo.debug2.xcconfig */ = {isa = PBXFileReference; includeInIndex = 1; lastKnownFileType = text.xcconfig; name = "Pods-AgoraDemo.debug2.xcconfig"; path = "Pods/Target Support Files/Pods-AgoraDemo/Pods-AgoraDemo.debug2.xcconfig"; sourceTree = "<group>"; };
		2471D25E976B48B77D840D5E /* Pods-AgoraDemo.release.xcconfig */ = {isa = PBXFileReference; includeInIndex = 1; lastKnownFileType = text.xcconfig; name = "Pods-AgoraDemo.release.xcconfig"; path = "Pods/Target Support Files/Pods-AgoraDemo/Pods-AgoraDemo.release.xcconfig"; sourceTree = "<group>"; };
		7DC6AF1C8F48D575F128FEEC /* Pods_AgoraDemo.framework */ = {isa = PBXFileReference; explicitFileType = wrapper.framework; includeInIndex = 0; path = Pods_AgoraDemo.framework; sourceTree = BUILT_PRODUCTS_DIR; };
		8807F34420638A0F0023C65B /* AgoraDemo.app */ = {isa = PBXFileReference; explicitFileType = wrapper.application; includeInIndex = 0; path = AgoraDemo.app; sourceTree = BUILT_PRODUCTS_DIR; };
		8807F34720638A0F0023C65B /* AppDelegate.h */ = {isa = PBXFileReference; lastKnownFileType = sourcecode.c.h; path = AppDelegate.h; sourceTree = "<group>"; };
		8807F34820638A0F0023C65B /* AppDelegate.m */ = {isa = PBXFileReference; lastKnownFileType = sourcecode.c.objc; path = AppDelegate.m; sourceTree = "<group>"; };
		8807F34A20638A0F0023C65B /* ViewController.h */ = {isa = PBXFileReference; lastKnownFileType = sourcecode.c.h; path = ViewController.h; sourceTree = "<group>"; };
		8807F34B20638A0F0023C65B /* ViewController.m */ = {isa = PBXFileReference; lastKnownFileType = sourcecode.c.objc; path = ViewController.m; sourceTree = "<group>"; };
		8807F34E20638A0F0023C65B /* Base */ = {isa = PBXFileReference; lastKnownFileType = file.storyboard; name = Base; path = Base.lproj/Main.storyboard; sourceTree = "<group>"; };
		8807F35020638A0F0023C65B /* Assets.xcassets */ = {isa = PBXFileReference; lastKnownFileType = folder.assetcatalog; path = Assets.xcassets; sourceTree = "<group>"; };
		8807F35320638A0F0023C65B /* Base */ = {isa = PBXFileReference; lastKnownFileType = file.storyboard; name = Base; path = Base.lproj/LaunchScreen.storyboard; sourceTree = "<group>"; };
		8807F35520638A0F0023C65B /* Info.plist */ = {isa = PBXFileReference; lastKnownFileType = text.plist.xml; path = Info.plist; sourceTree = "<group>"; };
		8807F35620638A0F0023C65B /* main.m */ = {isa = PBXFileReference; lastKnownFileType = sourcecode.c.objc; path = main.m; sourceTree = "<group>"; };
		8807F3612063A3870023C65B /* AgoraSigKit.framework */ = {isa = PBXFileReference; lastKnownFileType = wrapper.framework; path = AgoraSigKit.framework; sourceTree = "<group>"; };
		8807F3642063A3EA0023C65B /* KeyCenter.mm */ = {isa = PBXFileReference; fileEncoding = 4; lastKnownFileType = sourcecode.cpp.objcpp; path = KeyCenter.mm; sourceTree = "<group>"; };
		8807F3652063A3EA0023C65B /* DynamicKey4.h */ = {isa = PBXFileReference; fileEncoding = 4; lastKnownFileType = sourcecode.c.h; path = DynamicKey4.h; sourceTree = "<group>"; };
		8807F3662063A3EA0023C65B /* utils.h */ = {isa = PBXFileReference; fileEncoding = 4; lastKnownFileType = sourcecode.c.h; path = utils.h; sourceTree = "<group>"; };
		8807F3672063A3EA0023C65B /* KeyCenter.h */ = {isa = PBXFileReference; fileEncoding = 4; lastKnownFileType = sourcecode.c.h; path = KeyCenter.h; sourceTree = "<group>"; };
		8807F36A2063A91D0023C65B /* NSObject+JSONString.h */ = {isa = PBXFileReference; fileEncoding = 4; lastKnownFileType = sourcecode.c.h; path = "NSObject+JSONString.h"; sourceTree = "<group>"; };
		8807F36B2063A91D0023C65B /* NSObject+JSONString.m */ = {isa = PBXFileReference; fileEncoding = 4; lastKnownFileType = sourcecode.c.objc; path = "NSObject+JSONString.m"; sourceTree = "<group>"; };
		88EDB70C20A149B600007CE7 /* ADCallKitManager.m */ = {isa = PBXFileReference; fileEncoding = 4; lastKnownFileType = sourcecode.c.objc; path = ADCallKitManager.m; sourceTree = "<group>"; };
		88EDB70D20A149B600007CE7 /* ADCallKitManager.h */ = {isa = PBXFileReference; fileEncoding = 4; lastKnownFileType = sourcecode.c.h; path = ADCallKitManager.h; sourceTree = "<group>"; };
		88F049E32064971700FDA44C /* SelectedUserViewController.m */ = {isa = PBXFileReference; fileEncoding = 4; lastKnownFileType = sourcecode.c.objc; path = SelectedUserViewController.m; sourceTree = "<group>"; };
		88F049E42064971700FDA44C /* MultiCallViewController.xib */ = {isa = PBXFileReference; fileEncoding = 4; lastKnownFileType = file.xib; path = MultiCallViewController.xib; sourceTree = "<group>"; };
		88F049E52064971700FDA44C /* MultiCallViewController.m */ = {isa = PBXFileReference; fileEncoding = 4; lastKnownFileType = sourcecode.c.objc; path = MultiCallViewController.m; sourceTree = "<group>"; };
		88F049E62064971700FDA44C /* SelectedUserViewController.xib */ = {isa = PBXFileReference; fileEncoding = 4; lastKnownFileType = file.xib; path = SelectedUserViewController.xib; sourceTree = "<group>"; };
		88F049E72064971700FDA44C /* VideoSession.h */ = {isa = PBXFileReference; fileEncoding = 4; lastKnownFileType = sourcecode.c.h; path = VideoSession.h; sourceTree = "<group>"; };
		88F049E92064971700FDA44C /* SelectedUserViewController.h */ = {isa = PBXFileReference; fileEncoding = 4; lastKnownFileType = sourcecode.c.h; path = SelectedUserViewController.h; sourceTree = "<group>"; };
		88F049EA2064971700FDA44C /* VideoSession.m */ = {isa = PBXFileReference; fileEncoding = 4; lastKnownFileType = sourcecode.c.objc; path = VideoSession.m; sourceTree = "<group>"; };
		88F049EB2064971700FDA44C /* MultiCallViewController.h */ = {isa = PBXFileReference; fileEncoding = 4; lastKnownFileType = sourcecode.c.h; path = MultiCallViewController.h; sourceTree = "<group>"; };
		88F049ED2064971700FDA44C /* UserTableViewCell.m */ = {isa = PBXFileReference; fileEncoding = 4; lastKnownFileType = sourcecode.c.objc; path = UserTableViewCell.m; sourceTree = "<group>"; };
		88F049EE2064971700FDA44C /* UserVideoView.h */ = {isa = PBXFileReference; fileEncoding = 4; lastKnownFileType = sourcecode.c.h; path = UserVideoView.h; sourceTree = "<group>"; };
		88F049EF2064971700FDA44C /* UserTableViewCell.h */ = {isa = PBXFileReference; fileEncoding = 4; lastKnownFileType = sourcecode.c.h; path = UserTableViewCell.h; sourceTree = "<group>"; };
		88F049F02064971700FDA44C /* UserVideoView.m */ = {isa = PBXFileReference; fileEncoding = 4; lastKnownFileType = sourcecode.c.objc; path = UserVideoView.m; sourceTree = "<group>"; };
		88F049F12064971700FDA44C /* UserTableViewCell.xib */ = {isa = PBXFileReference; fileEncoding = 4; lastKnownFileType = file.xib; path = UserTableViewCell.xib; sourceTree = "<group>"; };
		88F049F42064971700FDA44C /* TTDCallClient.m */ = {isa = PBXFileReference; fileEncoding = 4; lastKnownFileType = sourcecode.c.objc; path = TTDCallClient.m; sourceTree = "<group>"; };
		88F049F52064971700FDA44C /* TTDCallSession.m */ = {isa = PBXFileReference; fileEncoding = 4; lastKnownFileType = sourcecode.c.objc; path = TTDCallSession.m; sourceTree = "<group>"; };
		88F049F62064971700FDA44C /* AppViewManager.m */ = {isa = PBXFileReference; fileEncoding = 4; lastKnownFileType = sourcecode.c.objc; path = AppViewManager.m; sourceTree = "<group>"; };
		88F049F72064971700FDA44C /* RCCallCommonDefine.h */ = {isa = PBXFileReference; fileEncoding = 4; lastKnownFileType = sourcecode.c.h; path = RCCallCommonDefine.h; sourceTree = "<group>"; };
		88F049F82064971700FDA44C /* TTDCallClient.h */ = {isa = PBXFileReference; fileEncoding = 4; lastKnownFileType = sourcecode.c.h; path = TTDCallClient.h; sourceTree = "<group>"; };
		88F049F92064971700FDA44C /* TTDCallSession.h */ = {isa = PBXFileReference; fileEncoding = 4; lastKnownFileType = sourcecode.c.h; path = TTDCallSession.h; sourceTree = "<group>"; };
		88F049FA2064971700FDA44C /* AppViewManager.h */ = {isa = PBXFileReference; fileEncoding = 4; lastKnownFileType = sourcecode.c.h; path = AppViewManager.h; sourceTree = "<group>"; };
		88F04A072064985600FDA44C /* AlertUtil.m */ = {isa = PBXFileReference; fileEncoding = 4; lastKnownFileType = sourcecode.c.objc; path = AlertUtil.m; sourceTree = "<group>"; };
		88F04A082064985600FDA44C /* AlertUtil.h */ = {isa = PBXFileReference; fileEncoding = 4; lastKnownFileType = sourcecode.c.h; path = AlertUtil.h; sourceTree = "<group>"; };
		88F04A0A2064986700FDA44C /* UIView+Toast.h */ = {isa = PBXFileReference; fileEncoding = 4; lastKnownFileType = sourcecode.c.h; path = "UIView+Toast.h"; sourceTree = "<group>"; };
		88F04A0B2064986700FDA44C /* UIView+Toast.m */ = {isa = PBXFileReference; fileEncoding = 4; lastKnownFileType = sourcecode.c.objc; path = "UIView+Toast.m"; sourceTree = "<group>"; };
/* End PBXFileReference section */

/* Begin PBXFrameworksBuildPhase section */
		8807F34120638A0F0023C65B /* Frameworks */ = {
			isa = PBXFrameworksBuildPhase;
			buildActionMask = 2147483647;
			files = (
				8807F3622063A3870023C65B /* AgoraSigKit.framework in Frameworks */,
				BE4FA0648C7468DF79181FCD /* Pods_AgoraDemo.framework in Frameworks */,
			);
			runOnlyForDeploymentPostprocessing = 0;
		};
/* End PBXFrameworksBuildPhase section */

/* Begin PBXGroup section */
		8807F33B20638A0F0023C65B = {
			isa = PBXGroup;
			children = (
				8807F34620638A0F0023C65B /* AgoraDemo */,
				8807F34520638A0F0023C65B /* Products */,
				AFB194ECFB23982A6FA594DC /* Pods */,
				F54C08015B3BC79E554FA636 /* Frameworks */,
			);
			sourceTree = "<group>";
		};
		8807F34520638A0F0023C65B /* Products */ = {
			isa = PBXGroup;
			children = (
				8807F34420638A0F0023C65B /* AgoraDemo.app */,
			);
			name = Products;
			sourceTree = "<group>";
		};
		8807F34620638A0F0023C65B /* AgoraDemo */ = {
			isa = PBXGroup;
			children = (
				8807F3692063A9090023C65B /* Catagories */,
				8807F3602063A37A0023C65B /* Framework */,
				8807F3632063A3D90023C65B /* KeyCenter */,
				88F049E22064971700FDA44C /* MultiCall */,
				88F049F32064971700FDA44C /* TTDCall */,
				8807F34720638A0F0023C65B /* AppDelegate.h */,
				8807F34820638A0F0023C65B /* AppDelegate.m */,
				8807F34A20638A0F0023C65B /* ViewController.h */,
				8807F34B20638A0F0023C65B /* ViewController.m */,
				8807F34D20638A0F0023C65B /* Main.storyboard */,
				8807F35020638A0F0023C65B /* Assets.xcassets */,
				8807F35220638A0F0023C65B /* LaunchScreen.storyboard */,
				8807F35520638A0F0023C65B /* Info.plist */,
				8807F35620638A0F0023C65B /* main.m */,
			);
			path = AgoraDemo;
			sourceTree = "<group>";
		};
		8807F3602063A37A0023C65B /* Framework */ = {
			isa = PBXGroup;
			children = (
				8807F3612063A3870023C65B /* AgoraSigKit.framework */,
			);
			path = Framework;
			sourceTree = "<group>";
		};
		8807F3632063A3D90023C65B /* KeyCenter */ = {
			isa = PBXGroup;
			children = (
				8807F3652063A3EA0023C65B /* DynamicKey4.h */,
				8807F3672063A3EA0023C65B /* KeyCenter.h */,
				8807F3642063A3EA0023C65B /* KeyCenter.mm */,
				8807F3662063A3EA0023C65B /* utils.h */,
			);
			path = KeyCenter;
			sourceTree = "<group>";
		};
		8807F3692063A9090023C65B /* Catagories */ = {
			isa = PBXGroup;
			children = (
				88F04A0A2064986700FDA44C /* UIView+Toast.h */,
				88F04A0B2064986700FDA44C /* UIView+Toast.m */,
				8807F36A2063A91D0023C65B /* NSObject+JSONString.h */,
				8807F36B2063A91D0023C65B /* NSObject+JSONString.m */,
			);
			path = Catagories;
			sourceTree = "<group>";
		};
		88F049E22064971700FDA44C /* MultiCall */ = {
			isa = PBXGroup;
			children = (
				88F049EC2064971700FDA44C /* Views */,
				88F049EB2064971700FDA44C /* MultiCallViewController.h */,
				88F049E52064971700FDA44C /* MultiCallViewController.m */,
				88F049E42064971700FDA44C /* MultiCallViewController.xib */,
				88F049E92064971700FDA44C /* SelectedUserViewController.h */,
				88F049E32064971700FDA44C /* SelectedUserViewController.m */,
				88F049E62064971700FDA44C /* SelectedUserViewController.xib */,
				88F049E72064971700FDA44C /* VideoSession.h */,
				88F049EA2064971700FDA44C /* VideoSession.m */,
			);
			path = MultiCall;
			sourceTree = "<group>";
		};
		88F049EC2064971700FDA44C /* Views */ = {
			isa = PBXGroup;
			children = (
				88F049EF2064971700FDA44C /* UserTableViewCell.h */,
				88F049ED2064971700FDA44C /* UserTableViewCell.m */,
				88F049F12064971700FDA44C /* UserTableViewCell.xib */,
				88F049EE2064971700FDA44C /* UserVideoView.h */,
				88F049F02064971700FDA44C /* UserVideoView.m */,
			);
			path = Views;
			sourceTree = "<group>";
		};
		88F049F32064971700FDA44C /* TTDCall */ = {
			isa = PBXGroup;
			children = (
				88F049F72064971700FDA44C /* RCCallCommonDefine.h */,
				88F049F82064971700FDA44C /* TTDCallClient.h */,
				88F049F42064971700FDA44C /* TTDCallClient.m */,
				88F049F92064971700FDA44C /* TTDCallSession.h */,
				88F049F52064971700FDA44C /* TTDCallSession.m */,
				88EDB70D20A149B600007CE7 /* ADCallKitManager.h */,
				88EDB70C20A149B600007CE7 /* ADCallKitManager.m */,
				88F049FA2064971700FDA44C /* AppViewManager.h */,
				88F049F62064971700FDA44C /* AppViewManager.m */,
				88F04A082064985600FDA44C /* AlertUtil.h */,
				88F04A072064985600FDA44C /* AlertUtil.m */,
			);
			path = TTDCall;
			sourceTree = "<group>";
		};
		AFB194ECFB23982A6FA594DC /* Pods */ = {
			isa = PBXGroup;
			children = (
				040C47DB46D56AB3A90EED8E /* Pods-AgoraDemo.debug.xcconfig */,
				2471D25E976B48B77D840D5E /* Pods-AgoraDemo.release.xcconfig */,
				1132B235F45B7F9413940C3A /* Pods-AgoraDemo.debug2.xcconfig */,
			);
			name = Pods;
			sourceTree = "<group>";
		};
		F54C08015B3BC79E554FA636 /* Frameworks */ = {
			isa = PBXGroup;
			children = (
				7DC6AF1C8F48D575F128FEEC /* Pods_AgoraDemo.framework */,
			);
			name = Frameworks;
			sourceTree = "<group>";
		};
/* End PBXGroup section */

/* Begin PBXNativeTarget section */
		8807F34320638A0F0023C65B /* AgoraDemo */ = {
			isa = PBXNativeTarget;
			buildConfigurationList = 8807F35A20638A0F0023C65B /* Build configuration list for PBXNativeTarget "AgoraDemo" */;
			buildPhases = (
				14EF3CC3939B63F250A441A7 /* [CP] Check Pods Manifest.lock */,
				8807F34020638A0F0023C65B /* Sources */,
				8807F34120638A0F0023C65B /* Frameworks */,
				8807F34220638A0F0023C65B /* Resources */,
				20BFC589369D1AB373E5B4EC /* [CP] Embed Pods Frameworks */,
				B03E6B8E5F95E3DF0718F39A /* [CP] Copy Pods Resources */,
			);
			buildRules = (
			);
			dependencies = (
			);
			name = AgoraDemo;
			productName = AgoraDemo;
			productReference = 8807F34420638A0F0023C65B /* AgoraDemo.app */;
			productType = "com.apple.product-type.application";
		};
/* End PBXNativeTarget section */

/* Begin PBXProject section */
		8807F33C20638A0F0023C65B /* Project object */ = {
			isa = PBXProject;
			attributes = {
				LastUpgradeCheck = 0920;
				ORGANIZATIONNAME = linyingbin;
				TargetAttributes = {
					8807F34320638A0F0023C65B = {
						CreatedOnToolsVersion = 9.2;
						ProvisioningStyle = Automatic;
					};
				};
			};
			buildConfigurationList = 8807F33F20638A0F0023C65B /* Build configuration list for PBXProject "AgoraDemo" */;
			compatibilityVersion = "Xcode 8.0";
			developmentRegion = en;
			hasScannedForEncodings = 0;
			knownRegions = (
				en,
				Base,
			);
			mainGroup = 8807F33B20638A0F0023C65B;
			productRefGroup = 8807F34520638A0F0023C65B /* Products */;
			projectDirPath = "";
			projectRoot = "";
			targets = (
				8807F34320638A0F0023C65B /* AgoraDemo */,
			);
		};
/* End PBXProject section */

/* Begin PBXResourcesBuildPhase section */
		8807F34220638A0F0023C65B /* Resources */ = {
			isa = PBXResourcesBuildPhase;
			buildActionMask = 2147483647;
			files = (
				8807F35420638A0F0023C65B /* LaunchScreen.storyboard in Resources */,
				8807F35120638A0F0023C65B /* Assets.xcassets in Resources */,
				88F049FC2064971800FDA44C /* MultiCallViewController.xib in Resources */,
				88F049FE2064971800FDA44C /* SelectedUserViewController.xib in Resources */,
				88F04A032064971800FDA44C /* UserTableViewCell.xib in Resources */,
				8807F34F20638A0F0023C65B /* Main.storyboard in Resources */,
			);
			runOnlyForDeploymentPostprocessing = 0;
		};
/* End PBXResourcesBuildPhase section */

/* Begin PBXShellScriptBuildPhase section */
		14EF3CC3939B63F250A441A7 /* [CP] Check Pods Manifest.lock */ = {
			isa = PBXShellScriptBuildPhase;
			buildActionMask = 2147483647;
			files = (
			);
			inputPaths = (
				"${PODS_PODFILE_DIR_PATH}/Podfile.lock",
				"${PODS_ROOT}/Manifest.lock",
			);
			name = "[CP] Check Pods Manifest.lock";
			outputPaths = (
				"$(DERIVED_FILE_DIR)/Pods-AgoraDemo-checkManifestLockResult.txt",
			);
			runOnlyForDeploymentPostprocessing = 0;
			shellPath = /bin/sh;
			shellScript = "diff \"${PODS_PODFILE_DIR_PATH}/Podfile.lock\" \"${PODS_ROOT}/Manifest.lock\" > /dev/null\nif [ $? != 0 ] ; then\n    # print error to STDERR\n    echo \"error: The sandbox is not in sync with the Podfile.lock. Run 'pod install' or update your CocoaPods installation.\" >&2\n    exit 1\nfi\n# This output is used by Xcode 'outputs' to avoid re-running this script phase.\necho \"SUCCESS\" > \"${SCRIPT_OUTPUT_FILE_0}\"\n";
			showEnvVarsInLog = 0;
		};
		20BFC589369D1AB373E5B4EC /* [CP] Embed Pods Frameworks */ = {
			isa = PBXShellScriptBuildPhase;
			buildActionMask = 2147483647;
			files = (
			);
			inputPaths = (
				"${SRCROOT}/Pods/Target Support Files/Pods-AgoraDemo/Pods-AgoraDemo-frameworks.sh",
				"${BUILT_PRODUCTS_DIR}/Masonry/Masonry.framework",
				"${BUILT_PRODUCTS_DIR}/RealReachability/RealReachability.framework",
				"${BUILT_PRODUCTS_DIR}/SVProgressHUD/SVProgressHUD.framework",
			);
			name = "[CP] Embed Pods Frameworks";
			outputPaths = (
				"${TARGET_BUILD_DIR}/${FRAMEWORKS_FOLDER_PATH}/Masonry.framework",
				"${TARGET_BUILD_DIR}/${FRAMEWORKS_FOLDER_PATH}/RealReachability.framework",
				"${TARGET_BUILD_DIR}/${FRAMEWORKS_FOLDER_PATH}/SVProgressHUD.framework",
			);
			runOnlyForDeploymentPostprocessing = 0;
			shellPath = /bin/sh;
			shellScript = "\"${SRCROOT}/Pods/Target Support Files/Pods-AgoraDemo/Pods-AgoraDemo-frameworks.sh\"\n";
			showEnvVarsInLog = 0;
		};
		B03E6B8E5F95E3DF0718F39A /* [CP] Copy Pods Resources */ = {
			isa = PBXShellScriptBuildPhase;
			buildActionMask = 2147483647;
			files = (
			);
			inputPaths = (
			);
			name = "[CP] Copy Pods Resources";
			outputPaths = (
			);
			runOnlyForDeploymentPostprocessing = 0;
			shellPath = /bin/sh;
			shellScript = "\"${SRCROOT}/Pods/Target Support Files/Pods-AgoraDemo/Pods-AgoraDemo-resources.sh\"\n";
			showEnvVarsInLog = 0;
		};
/* End PBXShellScriptBuildPhase section */

/* Begin PBXSourcesBuildPhase section */
		8807F34020638A0F0023C65B /* Sources */ = {
			isa = PBXSourcesBuildPhase;
			buildActionMask = 2147483647;
			files = (
				88F049FB2064971800FDA44C /* SelectedUserViewController.m in Sources */,
				88EDB70E20A149B600007CE7 /* ADCallKitManager.m in Sources */,
				88F04A052064971800FDA44C /* TTDCallSession.m in Sources */,
				88F04A002064971800FDA44C /* VideoSession.m in Sources */,
				88F04A0C2064986700FDA44C /* UIView+Toast.m in Sources */,
				88F04A012064971800FDA44C /* UserTableViewCell.m in Sources */,
				88F04A022064971800FDA44C /* UserVideoView.m in Sources */,
				8807F34C20638A0F0023C65B /* ViewController.m in Sources */,
				88F04A062064971800FDA44C /* AppViewManager.m in Sources */,
				88F04A042064971800FDA44C /* TTDCallClient.m in Sources */,
				8807F35720638A0F0023C65B /* main.m in Sources */,
				8807F36C2063A91D0023C65B /* NSObject+JSONString.m in Sources */,
				88F04A092064985600FDA44C /* AlertUtil.m in Sources */,
				8807F3682063A3EA0023C65B /* KeyCenter.mm in Sources */,
				8807F34920638A0F0023C65B /* AppDelegate.m in Sources */,
				88F049FD2064971800FDA44C /* MultiCallViewController.m in Sources */,
			);
			runOnlyForDeploymentPostprocessing = 0;
		};
/* End PBXSourcesBuildPhase section */

/* Begin PBXVariantGroup section */
		8807F34D20638A0F0023C65B /* Main.storyboard */ = {
			isa = PBXVariantGroup;
			children = (
				8807F34E20638A0F0023C65B /* Base */,
			);
			name = Main.storyboard;
			sourceTree = "<group>";
		};
		8807F35220638A0F0023C65B /* LaunchScreen.storyboard */ = {
			isa = PBXVariantGroup;
			children = (
				8807F35320638A0F0023C65B /* Base */,
			);
			name = LaunchScreen.storyboard;
			sourceTree = "<group>";
		};
/* End PBXVariantGroup section */

/* Begin XCBuildConfiguration section */
		8807F35820638A0F0023C65B /* Debug */ = {
			isa = XCBuildConfiguration;
			buildSettings = {
				ALWAYS_SEARCH_USER_PATHS = NO;
				CLANG_ANALYZER_NONNULL = YES;
				CLANG_ANALYZER_NUMBER_OBJECT_CONVERSION = YES_AGGRESSIVE;
				CLANG_CXX_LANGUAGE_STANDARD = "gnu++14";
				CLANG_CXX_LIBRARY = "libc++";
				CLANG_ENABLE_MODULES = YES;
				CLANG_ENABLE_OBJC_ARC = YES;
				CLANG_WARN_BLOCK_CAPTURE_AUTORELEASING = YES;
				CLANG_WARN_BOOL_CONVERSION = YES;
				CLANG_WARN_COMMA = YES;
				CLANG_WARN_CONSTANT_CONVERSION = YES;
				CLANG_WARN_DIRECT_OBJC_ISA_USAGE = YES_ERROR;
				CLANG_WARN_DOCUMENTATION_COMMENTS = YES;
				CLANG_WARN_EMPTY_BODY = YES;
				CLANG_WARN_ENUM_CONVERSION = YES;
				CLANG_WARN_INFINITE_RECURSION = YES;
				CLANG_WARN_INT_CONVERSION = YES;
				CLANG_WARN_NON_LITERAL_NULL_CONVERSION = YES;
				CLANG_WARN_OBJC_LITERAL_CONVERSION = YES;
				CLANG_WARN_OBJC_ROOT_CLASS = YES_ERROR;
				CLANG_WARN_RANGE_LOOP_ANALYSIS = YES;
				CLANG_WARN_STRICT_PROTOTYPES = YES;
				CLANG_WARN_SUSPICIOUS_MOVE = YES;
				CLANG_WARN_UNGUARDED_AVAILABILITY = YES_AGGRESSIVE;
				CLANG_WARN_UNREACHABLE_CODE = YES;
				CLANG_WARN__DUPLICATE_METHOD_MATCH = YES;
				CODE_SIGN_IDENTITY = "iPhone Developer";
				COPY_PHASE_STRIP = NO;
				DEBUG_INFORMATION_FORMAT = dwarf;
				ENABLE_STRICT_OBJC_MSGSEND = YES;
				ENABLE_TESTABILITY = YES;
				GCC_C_LANGUAGE_STANDARD = gnu11;
				GCC_DYNAMIC_NO_PIC = NO;
				GCC_NO_COMMON_BLOCKS = YES;
				GCC_OPTIMIZATION_LEVEL = 0;
				GCC_PREPROCESSOR_DEFINITIONS = (
					"DEBUG=1",
					"$(inherited)",
				);
				GCC_WARN_64_TO_32_BIT_CONVERSION = YES;
				GCC_WARN_ABOUT_RETURN_TYPE = YES_ERROR;
				GCC_WARN_UNDECLARED_SELECTOR = YES;
				GCC_WARN_UNINITIALIZED_AUTOS = YES_AGGRESSIVE;
				GCC_WARN_UNUSED_FUNCTION = YES;
				GCC_WARN_UNUSED_VARIABLE = YES;
				IPHONEOS_DEPLOYMENT_TARGET = 11.2;
				MTL_ENABLE_DEBUG_INFO = YES;
				ONLY_ACTIVE_ARCH = YES;
				SDKROOT = iphoneos;
			};
			name = Debug;
		};
		8807F35920638A0F0023C65B /* Release */ = {
			isa = XCBuildConfiguration;
			buildSettings = {
				ALWAYS_SEARCH_USER_PATHS = NO;
				CLANG_ANALYZER_NONNULL = YES;
				CLANG_ANALYZER_NUMBER_OBJECT_CONVERSION = YES_AGGRESSIVE;
				CLANG_CXX_LANGUAGE_STANDARD = "gnu++14";
				CLANG_CXX_LIBRARY = "libc++";
				CLANG_ENABLE_MODULES = YES;
				CLANG_ENABLE_OBJC_ARC = YES;
				CLANG_WARN_BLOCK_CAPTURE_AUTORELEASING = YES;
				CLANG_WARN_BOOL_CONVERSION = YES;
				CLANG_WARN_COMMA = YES;
				CLANG_WARN_CONSTANT_CONVERSION = YES;
				CLANG_WARN_DIRECT_OBJC_ISA_USAGE = YES_ERROR;
				CLANG_WARN_DOCUMENTATION_COMMENTS = YES;
				CLANG_WARN_EMPTY_BODY = YES;
				CLANG_WARN_ENUM_CONVERSION = YES;
				CLANG_WARN_INFINITE_RECURSION = YES;
				CLANG_WARN_INT_CONVERSION = YES;
				CLANG_WARN_NON_LITERAL_NULL_CONVERSION = YES;
				CLANG_WARN_OBJC_LITERAL_CONVERSION = YES;
				CLANG_WARN_OBJC_ROOT_CLASS = YES_ERROR;
				CLANG_WARN_RANGE_LOOP_ANALYSIS = YES;
				CLANG_WARN_STRICT_PROTOTYPES = YES;
				CLANG_WARN_SUSPICIOUS_MOVE = YES;
				CLANG_WARN_UNGUARDED_AVAILABILITY = YES_AGGRESSIVE;
				CLANG_WARN_UNREACHABLE_CODE = YES;
				CLANG_WARN__DUPLICATE_METHOD_MATCH = YES;
				CODE_SIGN_IDENTITY = "iPhone Developer";
				COPY_PHASE_STRIP = NO;
				DEBUG_INFORMATION_FORMAT = "dwarf-with-dsym";
				ENABLE_NS_ASSERTIONS = NO;
				ENABLE_STRICT_OBJC_MSGSEND = YES;
				GCC_C_LANGUAGE_STANDARD = gnu11;
				GCC_NO_COMMON_BLOCKS = YES;
				GCC_WARN_64_TO_32_BIT_CONVERSION = YES;
				GCC_WARN_ABOUT_RETURN_TYPE = YES_ERROR;
				GCC_WARN_UNDECLARED_SELECTOR = YES;
				GCC_WARN_UNINITIALIZED_AUTOS = YES_AGGRESSIVE;
				GCC_WARN_UNUSED_FUNCTION = YES;
				GCC_WARN_UNUSED_VARIABLE = YES;
				IPHONEOS_DEPLOYMENT_TARGET = 11.2;
				MTL_ENABLE_DEBUG_INFO = NO;
				SDKROOT = iphoneos;
				VALIDATE_PRODUCT = YES;
			};
			name = Release;
		};
		8807F35B20638A0F0023C65B /* Debug */ = {
			isa = XCBuildConfiguration;
			baseConfigurationReference = 040C47DB46D56AB3A90EED8E /* Pods-AgoraDemo.debug.xcconfig */;
			buildSettings = {
				ASSETCATALOG_COMPILER_APPICON_NAME = AppIcon;
				CODE_SIGN_STYLE = Automatic;
				DEVELOPMENT_TEAM = 4LHNZSFR95;
				ENABLE_BITCODE = NO;
				FRAMEWORK_SEARCH_PATHS = (
					"$(inherited)",
					"$(PROJECT_DIR)/AgoraDemo/Framework",
				);
				INFOPLIST_FILE = AgoraDemo/Info.plist;
				IPHONEOS_DEPLOYMENT_TARGET = 10.0;
				LD_RUNPATH_SEARCH_PATHS = "$(inherited) @executable_path/Frameworks";
				PRODUCT_BUNDLE_IDENTIFIER = ttd.AgoraDemo;
				PRODUCT_NAME = "$(TARGET_NAME)";
				TARGETED_DEVICE_FAMILY = "1,2";
			};
			name = Debug;
		};
		8807F35C20638A0F0023C65B /* Release */ = {
			isa = XCBuildConfiguration;
			baseConfigurationReference = 2471D25E976B48B77D840D5E /* Pods-AgoraDemo.release.xcconfig */;
			buildSettings = {
				ASSETCATALOG_COMPILER_APPICON_NAME = AppIcon;
				CODE_SIGN_STYLE = Automatic;
				DEVELOPMENT_TEAM = 4LHNZSFR95;
				ENABLE_BITCODE = NO;
				FRAMEWORK_SEARCH_PATHS = (
					"$(inherited)",
					"$(PROJECT_DIR)/AgoraDemo/Framework",
				);
				INFOPLIST_FILE = AgoraDemo/Info.plist;
				IPHONEOS_DEPLOYMENT_TARGET = 10.0;
				LD_RUNPATH_SEARCH_PATHS = "$(inherited) @executable_path/Frameworks";
				PRODUCT_BUNDLE_IDENTIFIER = ttd.AgoraDemo;
				PRODUCT_NAME = "$(TARGET_NAME)";
				TARGETED_DEVICE_FAMILY = "1,2";
			};
			name = Release;
		};
		88F049DC20648FED00FDA44C /* Debug2 */ = {
			isa = XCBuildConfiguration;
			buildSettings = {
				ALWAYS_SEARCH_USER_PATHS = NO;
				CLANG_ANALYZER_NONNULL = YES;
				CLANG_ANALYZER_NUMBER_OBJECT_CONVERSION = YES_AGGRESSIVE;
				CLANG_CXX_LANGUAGE_STANDARD = "gnu++14";
				CLANG_CXX_LIBRARY = "libc++";
				CLANG_ENABLE_MODULES = YES;
				CLANG_ENABLE_OBJC_ARC = YES;
				CLANG_WARN_BLOCK_CAPTURE_AUTORELEASING = YES;
				CLANG_WARN_BOOL_CONVERSION = YES;
				CLANG_WARN_COMMA = YES;
				CLANG_WARN_CONSTANT_CONVERSION = YES;
				CLANG_WARN_DIRECT_OBJC_ISA_USAGE = YES_ERROR;
				CLANG_WARN_DOCUMENTATION_COMMENTS = YES;
				CLANG_WARN_EMPTY_BODY = YES;
				CLANG_WARN_ENUM_CONVERSION = YES;
				CLANG_WARN_INFINITE_RECURSION = YES;
				CLANG_WARN_INT_CONVERSION = YES;
				CLANG_WARN_NON_LITERAL_NULL_CONVERSION = YES;
				CLANG_WARN_OBJC_LITERAL_CONVERSION = YES;
				CLANG_WARN_OBJC_ROOT_CLASS = YES_ERROR;
				CLANG_WARN_RANGE_LOOP_ANALYSIS = YES;
				CLANG_WARN_STRICT_PROTOTYPES = YES;
				CLANG_WARN_SUSPICIOUS_MOVE = YES;
				CLANG_WARN_UNGUARDED_AVAILABILITY = YES_AGGRESSIVE;
				CLANG_WARN_UNREACHABLE_CODE = YES;
				CLANG_WARN__DUPLICATE_METHOD_MATCH = YES;
				CODE_SIGN_IDENTITY = "iPhone Developer";
				COPY_PHASE_STRIP = NO;
				DEBUG_INFORMATION_FORMAT = dwarf;
				ENABLE_STRICT_OBJC_MSGSEND = YES;
				ENABLE_TESTABILITY = YES;
				GCC_C_LANGUAGE_STANDARD = gnu11;
				GCC_DYNAMIC_NO_PIC = NO;
				GCC_NO_COMMON_BLOCKS = YES;
				GCC_OPTIMIZATION_LEVEL = 0;
				GCC_PREPROCESSOR_DEFINITIONS = (
					"DEBUG=1",
					"$(inherited)",
				);
				GCC_WARN_64_TO_32_BIT_CONVERSION = YES;
				GCC_WARN_ABOUT_RETURN_TYPE = YES_ERROR;
				GCC_WARN_UNDECLARED_SELECTOR = YES;
				GCC_WARN_UNINITIALIZED_AUTOS = YES_AGGRESSIVE;
				GCC_WARN_UNUSED_FUNCTION = YES;
				GCC_WARN_UNUSED_VARIABLE = YES;
				IPHONEOS_DEPLOYMENT_TARGET = 11.2;
				MTL_ENABLE_DEBUG_INFO = YES;
				ONLY_ACTIVE_ARCH = YES;
				SDKROOT = iphoneos;
			};
			name = Debug2;
		};
		88F049DD20648FED00FDA44C /* Debug2 */ = {
			isa = XCBuildConfiguration;
			baseConfigurationReference = 1132B235F45B7F9413940C3A /* Pods-AgoraDemo.debug2.xcconfig */;
			buildSettings = {
				ASSETCATALOG_COMPILER_APPICON_NAME = AppIcon;
				CODE_SIGN_STYLE = Automatic;
				DEVELOPMENT_TEAM = 4LHNZSFR95;
				ENABLE_BITCODE = NO;
				FRAMEWORK_SEARCH_PATHS = (
					"$(inherited)",
					"$(PROJECT_DIR)/AgoraDemo/Framework",
				);
				INFOPLIST_FILE = AgoraDemo/Info.plist;
				IPHONEOS_DEPLOYMENT_TARGET = 10.0;
				LD_RUNPATH_SEARCH_PATHS = "$(inherited) @executable_path/Frameworks";
				PRODUCT_BUNDLE_IDENTIFIER = ttd.AgoraDemo;
				PRODUCT_NAME = "$(TARGET_NAME)";
				TARGETED_DEVICE_FAMILY = "1,2";
			};
			name = Debug2;
		};
/* End XCBuildConfiguration section */

/* Begin XCConfigurationList section */
		8807F33F20638A0F0023C65B /* Build configuration list for PBXProject "AgoraDemo" */ = {
			isa = XCConfigurationList;
			buildConfigurations = (
				8807F35820638A0F0023C65B /* Debug */,
				88F049DC20648FED00FDA44C /* Debug2 */,
				8807F35920638A0F0023C65B /* Release */,
			);
			defaultConfigurationIsVisible = 0;
			defaultConfigurationName = Release;
		};
		8807F35A20638A0F0023C65B /* Build configuration list for PBXNativeTarget "AgoraDemo" */ = {
			isa = XCConfigurationList;
			buildConfigurations = (
				8807F35B20638A0F0023C65B /* Debug */,
				88F049DD20648FED00FDA44C /* Debug2 */,
				8807F35C20638A0F0023C65B /* Release */,
			);
			defaultConfigurationIsVisible = 0;
			defaultConfigurationName = Release;
		};
/* End XCConfigurationList section */
	};
	rootObject = 8807F33C20638A0F0023C65B /* Project object */;
}
